
Microsoft Visual Studio Solution File, Format Version 12.00
Project("{FAE04EC0-301F-11D3-BF4B-00C04F79EFBC}") = "Assignment_SpecFlow_BDD_Tests", "Assignment_SpecFlow_BDD_Tests\Assignment_SpecFlow_BDD_Tests.csproj", "{536CE9E1-F76B-45A8-9EBA-7FE4E7C9A26B}"
EndProject
Global
	GlobalSection(SolutionConfigurationPlatforms) = preSolution
		Debug|Any CPU = Debug|Any CPU
		Release|Any CPU = Release|Any CPU
	EndGlobalSection
	GlobalSection(ProjectConfigurationPlatforms) = postSolution
		{536CE9E1-F76B-45A8-9EBA-7FE4E7C9A26B}.Debug|Any CPU.ActiveCfg = Debug|Any CPU
		{536CE9E1-F76B-45A8-9EBA-7FE4E7C9A26B}.Debug|Any CPU.Build.0 = Debug|Any CPU
		{536CE9E1-F76B-45A8-9EBA-7FE4E7C9A26B}.Release|Any CPU.ActiveCfg = Release|Any CPU
		{536CE9E1-F76B-45A8-9EBA-7FE4E7C9A26B}.Release|Any CPU.Build.0 = Release|Any CPU
	EndGlobalSection
EndGlobal
