
Microsoft Visual Studio Solution File, Format Version 12.00
# Visual Studio Version 16
VisualStudioVersion = 25.0.1705.4
MinimumVisualStudioVersion = 10.0.40219.1
Project("{FAE04EC0-301F-11D3-BF4B-00C04F79EFBC}") = "Assignment_SpecFlow_BDD_Tests", "Assignment_SpecFlow_BDD_Tests.csproj", "{92634554-226A-4FC3-8932-EDE7749580EF}"
EndProject
Global
	GlobalSection(SolutionConfigurationPlatforms) = preSolution
		Debug|Any CPU = Debug|Any CPU
		Release|Any CPU = Release|Any CPU
	EndGlobalSection
	GlobalSection(ProjectConfigurationPlatforms) = postSolution
		{92634554-226A-4FC3-8932-EDE7749580EF}.Debug|Any CPU.ActiveCfg = Debug|Any CPU
		{92634554-226A-4FC3-8932-EDE7749580EF}.Debug|Any CPU.Build.0 = Debug|Any CPU
		{92634554-226A-4FC3-8932-EDE7749580EF}.Release|Any CPU.ActiveCfg = Release|Any CPU
		{92634554-226A-4FC3-8932-EDE7749580EF}.Release|Any CPU.Build.0 = Release|Any CPU
	EndGlobalSection
	GlobalSection(SolutionProperties) = preSolution
		HideSolutionNode = FALSE
	EndGlobalSection
	GlobalSection(ExtensibilityGlobals) = postSolution
		SolutionGuid = {62153226-2407-4E66-A53D-30BC2D44A010}
	EndGlobalSection
EndGlobal
